
Microsoft Visual Studio Solution File, Format Version 12.00
# Visual Studio 15
VisualStudioVersion = 15.0.27130.2010
MinimumVisualStudioVersion = 10.0.40219.1
Project("{FAE04EC0-301F-11D3-BF4B-00C04F79EFBC}") = "HttpClientRestTests", "HttpClientRestTests\HttpClientRestTests.csproj", "{D28AAF87-B16F-44A5-84A2-068A7E0CCB7A}"
EndProject
Global
	GlobalSection(SolutionConfigurationPlatforms) = preSolution
		Debug|Any CPU = Debug|Any CPU
		Release|Any CPU = Release|Any CPU
	EndGlobalSection
	GlobalSection(ProjectConfigurationPlatforms) = postSolution
		{D28AAF87-B16F-44A5-84A2-068A7E0CCB7A}.Debug|Any CPU.ActiveCfg = Debug|Any CPU
		{D28AAF87-B16F-44A5-84A2-068A7E0CCB7A}.Debug|Any CPU.Build.0 = Debug|Any CPU
		{D28AAF87-B16F-44A5-84A2-068A7E0CCB7A}.Release|Any CPU.ActiveCfg = Release|Any CPU
		{D28AAF87-B16F-44A5-84A2-068A7E0CCB7A}.Release|Any CPU.Build.0 = Release|Any CPU
	EndGlobalSection
	GlobalSection(SolutionProperties) = preSolution
		HideSolutionNode = FALSE
	EndGlobalSection
	GlobalSection(ExtensibilityGlobals) = postSolution
		SolutionGuid = {67F47D77-CB79-447E-8ECD-E72DB5193CA0}
	EndGlobalSection
EndGlobal
