
Microsoft Visual Studio Solution File, Format Version 12.00
# Visual Studio 15
VisualStudioVersion = 15.0.27130.2020
MinimumVisualStudioVersion = 10.0.40219.1
Project("{FAE04EC0-301F-11D3-BF4B-00C04F79EFBC}") = "OpenCartTests", "OpenCartTests\OpenCartTests.csproj", "{32D8328A-9989-4E5C-9FB6-0B6854112A74}"
EndProject
Project("{FAE04EC0-301F-11D3-BF4B-00C04F79EFBC}") = "AndroidTests", "AndroidTests\AndroidTests.csproj", "{4964B7E6-501B-4B26-B77A-92D1C8AD558C}"
EndProject
Project("{FAE04EC0-301F-11D3-BF4B-00C04F79EFBC}") = "WebServTests", "WebServTests\WebServTests.csproj", "{98B0896E-36A9-446F-8CF5-9C6AEFF167DC}"
EndProject
Global
	GlobalSection(SolutionConfigurationPlatforms) = preSolution
		Debug|Any CPU = Debug|Any CPU
		Release|Any CPU = Release|Any CPU
	EndGlobalSection
	GlobalSection(ProjectConfigurationPlatforms) = postSolution
		{32D8328A-9989-4E5C-9FB6-0B6854112A74}.Debug|Any CPU.ActiveCfg = Debug|Any CPU
		{32D8328A-9989-4E5C-9FB6-0B6854112A74}.Debug|Any CPU.Build.0 = Debug|Any CPU
		{32D8328A-9989-4E5C-9FB6-0B6854112A74}.Release|Any CPU.ActiveCfg = Release|Any CPU
		{32D8328A-9989-4E5C-9FB6-0B6854112A74}.Release|Any CPU.Build.0 = Release|Any CPU
		{4964B7E6-501B-4B26-B77A-92D1C8AD558C}.Debug|Any CPU.ActiveCfg = Debug|Any CPU
		{4964B7E6-501B-4B26-B77A-92D1C8AD558C}.Debug|Any CPU.Build.0 = Debug|Any CPU
		{4964B7E6-501B-4B26-B77A-92D1C8AD558C}.Release|Any CPU.ActiveCfg = Release|Any CPU
		{4964B7E6-501B-4B26-B77A-92D1C8AD558C}.Release|Any CPU.Build.0 = Release|Any CPU
		{98B0896E-36A9-446F-8CF5-9C6AEFF167DC}.Debug|Any CPU.ActiveCfg = Debug|Any CPU
		{98B0896E-36A9-446F-8CF5-9C6AEFF167DC}.Debug|Any CPU.Build.0 = Debug|Any CPU
		{98B0896E-36A9-446F-8CF5-9C6AEFF167DC}.Release|Any CPU.ActiveCfg = Release|Any CPU
		{98B0896E-36A9-446F-8CF5-9C6AEFF167DC}.Release|Any CPU.Build.0 = Release|Any CPU
	EndGlobalSection
	GlobalSection(SolutionProperties) = preSolution
		HideSolutionNode = FALSE
	EndGlobalSection
	GlobalSection(ExtensibilityGlobals) = postSolution
		SolutionGuid = {190F4EBA-4DAE-4488-A6B1-63644B42D000}
	EndGlobalSection
EndGlobal
